
Microsoft Visual Studio Solution File, Format Version 12.00
# Visual Studio Version 16
VisualStudioVersion = 16.0.29728.190
MinimumVisualStudioVersion = 10.0.40219.1
Project("{FAE04EC0-301F-11D3-BF4B-00C04F79EFBC}") = "PizzaShop", "PizzaShop\PizzaShop.csproj", "{55739EE4-1DC7-4DDB-BD83-CD3A39BC2381}"
EndProject
Project("{FAE04EC0-301F-11D3-BF4B-00C04F79EFBC}") = "Model", "Model\Model.csproj", "{AAACE6F4-CAFF-4319-8586-66DF3D003E32}"
EndProject
Global
	GlobalSection(SolutionConfigurationPlatforms) = preSolution
		Debug|Any CPU = Debug|Any CPU
		Release|Any CPU = Release|Any CPU
	EndGlobalSection
	GlobalSection(ProjectConfigurationPlatforms) = postSolution
		{55739EE4-1DC7-4DDB-BD83-CD3A39BC2381}.Debug|Any CPU.ActiveCfg = Debug|Any CPU
		{55739EE4-1DC7-4DDB-BD83-CD3A39BC2381}.Debug|Any CPU.Build.0 = Debug|Any CPU
		{55739EE4-1DC7-4DDB-BD83-CD3A39BC2381}.Release|Any CPU.ActiveCfg = Release|Any CPU
		{55739EE4-1DC7-4DDB-BD83-CD3A39BC2381}.Release|Any CPU.Build.0 = Release|Any CPU
		{AAACE6F4-CAFF-4319-8586-66DF3D003E32}.Debug|Any CPU.ActiveCfg = Debug|Any CPU
		{AAACE6F4-CAFF-4319-8586-66DF3D003E32}.Debug|Any CPU.Build.0 = Debug|Any CPU
		{AAACE6F4-CAFF-4319-8586-66DF3D003E32}.Release|Any CPU.ActiveCfg = Release|Any CPU
		{AAACE6F4-CAFF-4319-8586-66DF3D003E32}.Release|Any CPU.Build.0 = Release|Any CPU
	EndGlobalSection
	GlobalSection(SolutionProperties) = preSolution
		HideSolutionNode = FALSE
	EndGlobalSection
	GlobalSection(ExtensibilityGlobals) = postSolution
		SolutionGuid = {734CAAA1-A575-45DE-B533-C37FFC1F60EA}
	EndGlobalSection
EndGlobal
